{
  "name": "preentrega-ulisesrando",
  "lockfileVersion": 2,
  "requires": true,
  "packages": {
    "": {
      "dependencies": {
        "git-init": "^1.0.0"
      }
    },
    "node_modules/git-init": {
      "version": "1.0.0",
      "resolved": "https://registry.npmjs.org/git-init/-/git-init-1.0.0.tgz",
      "integrity": "sha512-EhSy0cO0zx+OWq44CLaTyCZFZTVZNCmD7+vfvsekObx6gkQPqOhEWAW5N/ermLiL00QT43y9S8G227OWVkD62Q=="
    }
  },
  "dependencies": {
    "git-init": {
      "version": "1.0.0",
      "resolved": "https://registry.npmjs.org/git-init/-/git-init-1.0.0.tgz",
      "integrity": "sha512-EhSy0cO0zx+OWq44CLaTyCZFZTVZNCmD7+vfvsekObx6gkQPqOhEWAW5N/ermLiL00QT43y9S8G227OWVkD62Q=="
    }
  }
}
